{
  "name": "ifood-backend",
  "version": "1.0.0",
  "lockfileVersion": 3,
  "description": "Backend API para APP_FOOD_DELIBERY",
  "main": "src/app.js",
  "requires": true,
  "packages": {},

  "scrip":{
    "start": "node src/app.js",
    "migrate": "nodemon src/app.js",
    "seed": "node scripts/seed.js",
    "test": "jest --coverage"
  },
  "keywords": ["delivery", "food", "api", "express", "mysql"],
  "author": "",
  "license": "MIT",
  "dependencies": {
    "bcrypt": "^5.1.1",
    "cors": "^2.8.5",
    "dotenv": "^16.3.1",
    "express": "^4.18.2",
    "express-validator": "^7.0.1",
    "jsonwebtoken": "^9.0.2",
    "mysql2": "^3.6.5",
    "winston": "^3.11.0"
  },
  "devDependencies": {
    "nodemon": "^3.0.2",
    "jest": "^29.7.0",
    "supertest": "^6.3.3"
  }
}
